
Microsoft Visual Studio Solution File, Format Version 12.00
# Visual Studio 15
VisualStudioVersion = 15.0.28307.438
MinimumVisualStudioVersion = 10.0.40219.1
Project("{FAE04EC0-301F-11D3-BF4B-00C04F79EFBC}") = "CreditCardGenerator", "CreditCardGenerator\CreditCardGenerator.csproj", "{A3EA6B53-9484-4252-8DA9-64A8DE69AB5D}"
EndProject
Global
	GlobalSection(SolutionConfigurationPlatforms) = preSolution
		Debug|Any CPU = Debug|Any CPU
		Release|Any CPU = Release|Any CPU
	EndGlobalSection
	GlobalSection(ProjectConfigurationPlatforms) = postSolution
		{A3EA6B53-9484-4252-8DA9-64A8DE69AB5D}.Debug|Any CPU.ActiveCfg = Debug|Any CPU
		{A3EA6B53-9484-4252-8DA9-64A8DE69AB5D}.Debug|Any CPU.Build.0 = Debug|Any CPU
		{A3EA6B53-9484-4252-8DA9-64A8DE69AB5D}.Release|Any CPU.ActiveCfg = Release|Any CPU
		{A3EA6B53-9484-4252-8DA9-64A8DE69AB5D}.Release|Any CPU.Build.0 = Release|Any CPU
	EndGlobalSection
	GlobalSection(SolutionProperties) = preSolution
		HideSolutionNode = FALSE
	EndGlobalSection
	GlobalSection(ExtensibilityGlobals) = postSolution
		SolutionGuid = {4BEA5E61-F54B-42AD-AB45-A044D53C16B5}
	EndGlobalSection
EndGlobal
